// !$*UTF8*$!
{
	archiveVersion = 1;
	classes = {
	};
	objectVersion = 48;
	objects = {

/* Begin PBXBuildFile section */
		A010BCBE1FBD126700C87E88 /* AppDelegate.swift in Sources */ = {isa = PBXBuildFile; fileRef = A010BCBD1FBD126700C87E88 /* AppDelegate.swift */; };
		A010BCC31FBD126700C87E88 /* Main.storyboard in Resources */ = {isa = PBXBuildFile; fileRef = A010BCC11FBD126700C87E88 /* Main.storyboard */; };
		A010BCC51FBD126700C87E88 /* Assets.xcassets in Resources */ = {isa = PBXBuildFile; fileRef = A010BCC41FBD126700C87E88 /* Assets.xcassets */; };
		A010BCC81FBD126700C87E88 /* LaunchScreen.storyboard in Resources */ = {isa = PBXBuildFile; fileRef = A010BCC61FBD126700C87E88 /* LaunchScreen.storyboard */; };
		A010BCD01FBD15AA00C87E88 /* StressLevelVC.swift in Sources */ = {isa = PBXBuildFile; fileRef = A010BCCF1FBD15AA00C87E88 /* StressLevelVC.swift */; };
		A064F4C91FC3731E00592DE3 /* download.png in Resources */ = {isa = PBXBuildFile; fileRef = A064F4C81FC3731D00592DE3 /* download.png */; };
		A0CAF2071FC5F3DE00822B54 /* AppIcons in Resources */ = {isa = PBXBuildFile; fileRef = A0CAF2061FC5F3DE00822B54 /* AppIcons */; };
		A0CDB9711FC3A99B008D457A /* faces_new.png in Resources */ = {isa = PBXBuildFile; fileRef = A0CDB9701FC3A99B008D457A /* faces_new.png */; };
		A0E67D5B1FC897C1003C7D22 /* sad.png in Resources */ = {isa = PBXBuildFile; fileRef = A0E67D5A1FC897C0003C7D22 /* sad.png */; };
		A0E67D5D1FC897C8003C7D22 /* happyface.png in Resources */ = {isa = PBXBuildFile; fileRef = A0E67D5C1FC897C8003C7D22 /* happyface.png */; };
		A0E67D5F1FC899E7003C7D22 /* CreateFace.swift in Sources */ = {isa = PBXBuildFile; fileRef = A0E67D5E1FC899E7003C7D22 /* CreateFace.swift */; };
		A0E67D611FC8AC61003C7D22 /* black.jpg in Resources */ = {isa = PBXBuildFile; fileRef = A0E67D601FC8AC61003C7D22 /* black.jpg */; };
		A0E9C1E61FCCBD6700F98194 /* icons8-puzzle-26.png in Resources */ = {isa = PBXBuildFile; fileRef = A0E9C1E51FCCBD6600F98194 /* icons8-puzzle-26.png */; };
		A0E9C1E81FCCBD7A00F98194 /* pexels-photo-370799.jpeg in Resources */ = {isa = PBXBuildFile; fileRef = A0E9C1E71FCCBD7900F98194 /* pexels-photo-370799.jpeg */; };
		A7574F581FC352A6009A0AF8 /* MenuTVC.swift in Sources */ = {isa = PBXBuildFile; fileRef = A7574F571FC352A6009A0AF8 /* MenuTVC.swift */; };
		A7574F5A1FC35677009A0AF8 /* ActivityVC.swift in Sources */ = {isa = PBXBuildFile; fileRef = A7574F591FC35677009A0AF8 /* ActivityVC.swift */; };
		A7574F5D1FC35919009A0AF8 /* Mindfulness.xcdatamodeld in Sources */ = {isa = PBXBuildFile; fileRef = A7574F5B1FC35919009A0AF8 /* Mindfulness.xcdatamodeld */; };
		A7574F611FC36026009A0AF8 /* FavoritesTVC.swift in Sources */ = {isa = PBXBuildFile; fileRef = A7574F601FC36026009A0AF8 /* FavoritesTVC.swift */; };
		A7574F631FC365A0009A0AF8 /* MindfulAct.swift in Sources */ = {isa = PBXBuildFile; fileRef = A7574F621FC365A0009A0AF8 /* MindfulAct.swift */; };
/* End PBXBuildFile section */

/* Begin PBXFileReference section */
		A010BCBA1FBD126700C87E88 /* Mindfulness.app */ = {isa = PBXFileReference; explicitFileType = wrapper.application; includeInIndex = 0; path = Mindfulness.app; sourceTree = BUILT_PRODUCTS_DIR; };
		A010BCBD1FBD126700C87E88 /* AppDelegate.swift */ = {isa = PBXFileReference; lastKnownFileType = sourcecode.swift; path = AppDelegate.swift; sourceTree = "<group>"; };
		A010BCC21FBD126700C87E88 /* Base */ = {isa = PBXFileReference; lastKnownFileType = file.storyboard; name = Base; path = Base.lproj/Main.storyboard; sourceTree = "<group>"; };
		A010BCC41FBD126700C87E88 /* Assets.xcassets */ = {isa = PBXFileReference; lastKnownFileType = folder.assetcatalog; path = Assets.xcassets; sourceTree = "<group>"; };
		A010BCC71FBD126700C87E88 /* Base */ = {isa = PBXFileReference; lastKnownFileType = file.storyboard; name = Base; path = Base.lproj/LaunchScreen.storyboard; sourceTree = "<group>"; };
		A010BCC91FBD126700C87E88 /* Info.plist */ = {isa = PBXFileReference; lastKnownFileType = text.plist.xml; path = Info.plist; sourceTree = "<group>"; };
		A010BCCF1FBD15AA00C87E88 /* StressLevelVC.swift */ = {isa = PBXFileReference; lastKnownFileType = sourcecode.swift; path = StressLevelVC.swift; sourceTree = "<group>"; };
		A064F4C81FC3731D00592DE3 /* download.png */ = {isa = PBXFileReference; lastKnownFileType = image.png; name = download.png; path = "../../Desktop/Autism Paper Sources/download.png"; sourceTree = "<group>"; };
		A0CAF2061FC5F3DE00822B54 /* AppIcons */ = {isa = PBXFileReference; lastKnownFileType = folder; name = AppIcons; path = ../../../Desktop/AppIcons; sourceTree = "<group>"; };
		A0CDB9701FC3A99B008D457A /* faces_new.png */ = {isa = PBXFileReference; lastKnownFileType = image.png; name = faces_new.png; path = ../../../Desktop/faces_new.png; sourceTree = "<group>"; };
		A0E67D5A1FC897C0003C7D22 /* sad.png */ = {isa = PBXFileReference; lastKnownFileType = image.png; name = sad.png; path = ../../../Downloads/sad.png; sourceTree = "<group>"; };
		A0E67D5C1FC897C8003C7D22 /* happyface.png */ = {isa = PBXFileReference; lastKnownFileType = image.png; name = happyface.png; path = ../../../Downloads/happyface.png; sourceTree = "<group>"; };
		A0E67D5E1FC899E7003C7D22 /* CreateFace.swift */ = {isa = PBXFileReference; lastKnownFileType = sourcecode.swift; path = CreateFace.swift; sourceTree = "<group>"; };
		A0E67D601FC8AC61003C7D22 /* black.jpg */ = {isa = PBXFileReference; lastKnownFileType = image.jpeg; name = black.jpg; path = ../../../Downloads/black.jpg; sourceTree = "<group>"; };
		A0E9C1E51FCCBD6600F98194 /* icons8-puzzle-26.png */ = {isa = PBXFileReference; lastKnownFileType = image.png; path = "icons8-puzzle-26.png"; sourceTree = "<group>"; };
		A0E9C1E71FCCBD7900F98194 /* pexels-photo-370799.jpeg */ = {isa = PBXFileReference; lastKnownFileType = image.jpeg; path = "pexels-photo-370799.jpeg"; sourceTree = "<group>"; };
		A7574F571FC352A6009A0AF8 /* MenuTVC.swift */ = {isa = PBXFileReference; lastKnownFileType = sourcecode.swift; path = MenuTVC.swift; sourceTree = "<group>"; };
		A7574F591FC35677009A0AF8 /* ActivityVC.swift */ = {isa = PBXFileReference; lastKnownFileType = sourcecode.swift; path = ActivityVC.swift; sourceTree = "<group>"; };
		A7574F5C1FC35919009A0AF8 /* Mindfulness.xcdatamodel */ = {isa = PBXFileReference; lastKnownFileType = wrapper.xcdatamodel; path = Mindfulness.xcdatamodel; sourceTree = "<group>"; };
		A7574F601FC36026009A0AF8 /* FavoritesTVC.swift */ = {isa = PBXFileReference; lastKnownFileType = sourcecode.swift; name = FavoritesTVC.swift; path = ../FavoritesTVC.swift; sourceTree = "<group>"; };
		A7574F621FC365A0009A0AF8 /* MindfulAct.swift */ = {isa = PBXFileReference; lastKnownFileType = sourcecode.swift; path = MindfulAct.swift; sourceTree = "<group>"; };
/* End PBXFileReference section */

/* Begin PBXFrameworksBuildPhase section */
		A010BCB71FBD126700C87E88 /* Frameworks */ = {
			isa = PBXFrameworksBuildPhase;
			buildActionMask = 2147483647;
			files = (
			);
			runOnlyForDeploymentPostprocessing = 0;
		};
/* End PBXFrameworksBuildPhase section */

/* Begin PBXGroup section */
		A010BCB11FBD126700C87E88 = {
			isa = PBXGroup;
			children = (
				A010BCBC1FBD126700C87E88 /* Mindfulness */,
				A010BCBB1FBD126700C87E88 /* Products */,
				A064F4C81FC3731D00592DE3 /* download.png */,
			);
			sourceTree = "<group>";
		};
		A010BCBB1FBD126700C87E88 /* Products */ = {
			isa = PBXGroup;
			children = (
				A010BCBA1FBD126700C87E88 /* Mindfulness.app */,
			);
			name = Products;
			sourceTree = "<group>";
		};
		A010BCBC1FBD126700C87E88 /* Mindfulness */ = {
			isa = PBXGroup;
			children = (
				A010BCBD1FBD126700C87E88 /* AppDelegate.swift */,
				A010BCCF1FBD15AA00C87E88 /* StressLevelVC.swift */,
				A0E67D5E1FC899E7003C7D22 /* CreateFace.swift */,
				A7574F571FC352A6009A0AF8 /* MenuTVC.swift */,
				A7574F591FC35677009A0AF8 /* ActivityVC.swift */,
				A7574F601FC36026009A0AF8 /* FavoritesTVC.swift */,
				A7574F621FC365A0009A0AF8 /* MindfulAct.swift */,
				A010BCC11FBD126700C87E88 /* Main.storyboard */,
				A010BCC41FBD126700C87E88 /* Assets.xcassets */,
				A0CAF2061FC5F3DE00822B54 /* AppIcons */,
				A010BCC61FBD126700C87E88 /* LaunchScreen.storyboard */,
				A0CDB9701FC3A99B008D457A /* faces_new.png */,
				A0E67D5C1FC897C8003C7D22 /* happyface.png */,
				A0E9C1E51FCCBD6600F98194 /* icons8-puzzle-26.png */,
				A0E67D5A1FC897C0003C7D22 /* sad.png */,
				A0E67D601FC8AC61003C7D22 /* black.jpg */,
				A0E9C1E71FCCBD7900F98194 /* pexels-photo-370799.jpeg */,
				A010BCC91FBD126700C87E88 /* Info.plist */,
				A7574F5B1FC35919009A0AF8 /* Mindfulness.xcdatamodeld */,
			);
			path = Mindfulness;
			sourceTree = "<group>";
		};
/* End PBXGroup section */

/* Begin PBXNativeTarget section */
		A010BCB91FBD126700C87E88 /* Mindfulness */ = {
			isa = PBXNativeTarget;
			buildConfigurationList = A010BCCC1FBD126700C87E88 /* Build configuration list for PBXNativeTarget "Mindfulness" */;
			buildPhases = (
				A010BCB61FBD126700C87E88 /* Sources */,
				A010BCB71FBD126700C87E88 /* Frameworks */,
				A010BCB81FBD126700C87E88 /* Resources */,
			);
			buildRules = (
			);
			dependencies = (
			);
			name = Mindfulness;
			productName = Mindfulness;
			productReference = A010BCBA1FBD126700C87E88 /* Mindfulness.app */;
			productType = "com.apple.product-type.application";
		};
/* End PBXNativeTarget section */

/* Begin PBXProject section */
		A010BCB21FBD126700C87E88 /* Project object */ = {
			isa = PBXProject;
			attributes = {
				LastSwiftUpdateCheck = 0900;
				LastUpgradeCheck = 0900;
				ORGANIZATIONNAME = "Chloe Houlihan";
				TargetAttributes = {
					A010BCB91FBD126700C87E88 = {
						CreatedOnToolsVersion = 9.0.1;
						ProvisioningStyle = Automatic;
					};
				};
			};
			buildConfigurationList = A010BCB51FBD126700C87E88 /* Build configuration list for PBXProject "Mindfulness" */;
			compatibilityVersion = "Xcode 8.0";
			developmentRegion = en;
			hasScannedForEncodings = 0;
			knownRegions = (
				en,
				Base,
			);
			mainGroup = A010BCB11FBD126700C87E88;
			productRefGroup = A010BCBB1FBD126700C87E88 /* Products */;
			projectDirPath = "";
			projectRoot = "";
			targets = (
				A010BCB91FBD126700C87E88 /* Mindfulness */,
			);
		};
/* End PBXProject section */

/* Begin PBXResourcesBuildPhase section */
		A010BCB81FBD126700C87E88 /* Resources */ = {
			isa = PBXResourcesBuildPhase;
			buildActionMask = 2147483647;
			files = (
				A0E67D5B1FC897C1003C7D22 /* sad.png in Resources */,
				A010BCC81FBD126700C87E88 /* LaunchScreen.storyboard in Resources */,
				A064F4C91FC3731E00592DE3 /* download.png in Resources */,
				A010BCC51FBD126700C87E88 /* Assets.xcassets in Resources */,
				A0E9C1E81FCCBD7A00F98194 /* pexels-photo-370799.jpeg in Resources */,
				A0CAF2071FC5F3DE00822B54 /* AppIcons in Resources */,
				A0E9C1E61FCCBD6700F98194 /* icons8-puzzle-26.png in Resources */,
				A010BCC31FBD126700C87E88 /* Main.storyboard in Resources */,
				A0E67D611FC8AC61003C7D22 /* black.jpg in Resources */,
				A0CDB9711FC3A99B008D457A /* faces_new.png in Resources */,
				A0E67D5D1FC897C8003C7D22 /* happyface.png in Resources */,
			);
			runOnlyForDeploymentPostprocessing = 0;
		};
/* End PBXResourcesBuildPhase section */

/* Begin PBXSourcesBuildPhase section */
		A010BCB61FBD126700C87E88 /* Sources */ = {
			isa = PBXSourcesBuildPhase;
			buildActionMask = 2147483647;
			files = (
				A7574F5D1FC35919009A0AF8 /* Mindfulness.xcdatamodeld in Sources */,
				A7574F631FC365A0009A0AF8 /* MindfulAct.swift in Sources */,
				A7574F611FC36026009A0AF8 /* FavoritesTVC.swift in Sources */,
				A7574F5A1FC35677009A0AF8 /* ActivityVC.swift in Sources */,
				A010BCD01FBD15AA00C87E88 /* StressLevelVC.swift in Sources */,
				A7574F581FC352A6009A0AF8 /* MenuTVC.swift in Sources */,
				A0E67D5F1FC899E7003C7D22 /* CreateFace.swift in Sources */,
				A010BCBE1FBD126700C87E88 /* AppDelegate.swift in Sources */,
			);
			runOnlyForDeploymentPostprocessing = 0;
		};
/* End PBXSourcesBuildPhase section */

/* Begin PBXVariantGroup section */
		A010BCC11FBD126700C87E88 /* Main.storyboard */ = {
			isa = PBXVariantGroup;
			children = (
				A010BCC21FBD126700C87E88 /* Base */,
			);
			name = Main.storyboard;
			sourceTree = "<group>";
		};
		A010BCC61FBD126700C87E88 /* LaunchScreen.storyboard */ = {
			isa = PBXVariantGroup;
			children = (
				A010BCC71FBD126700C87E88 /* Base */,
			);
			name = LaunchScreen.storyboard;
			sourceTree = "<group>";
		};
/* End PBXVariantGroup section */

/* Begin XCBuildConfiguration section */
		A010BCCA1FBD126700C87E88 /* Debug */ = {
			isa = XCBuildConfiguration;
			buildSettings = {
				ALWAYS_SEARCH_USER_PATHS = NO;
				CLANG_ANALYZER_NONNULL = YES;
				CLANG_ANALYZER_NUMBER_OBJECT_CONVERSION = YES_AGGRESSIVE;
				CLANG_CXX_LANGUAGE_STANDARD = "gnu++14";
				CLANG_CXX_LIBRARY = "libc++";
				CLANG_ENABLE_MODULES = YES;
				CLANG_ENABLE_OBJC_ARC = YES;
				CLANG_WARN_BLOCK_CAPTURE_AUTORELEASING = YES;
				CLANG_WARN_BOOL_CONVERSION = YES;
				CLANG_WARN_COMMA = YES;
				CLANG_WARN_CONSTANT_CONVERSION = YES;
				CLANG_WARN_DIRECT_OBJC_ISA_USAGE = YES_ERROR;
				CLANG_WARN_DOCUMENTATION_COMMENTS = YES;
				CLANG_WARN_EMPTY_BODY = YES;
				CLANG_WARN_ENUM_CONVERSION = YES;
				CLANG_WARN_INFINITE_RECURSION = YES;
				CLANG_WARN_INT_CONVERSION = YES;
				CLANG_WARN_NON_LITERAL_NULL_CONVERSION = YES;
				CLANG_WARN_OBJC_LITERAL_CONVERSION = YES;
				CLANG_WARN_OBJC_ROOT_CLASS = YES_ERROR;
				CLANG_WARN_RANGE_LOOP_ANALYSIS = YES;
				CLANG_WARN_STRICT_PROTOTYPES = YES;
				CLANG_WARN_SUSPICIOUS_MOVE = YES;
				CLANG_WARN_UNGUARDED_AVAILABILITY = YES_AGGRESSIVE;
				CLANG_WARN_UNREACHABLE_CODE = YES;
				CLANG_WARN__DUPLICATE_METHOD_MATCH = YES;
				CODE_SIGN_IDENTITY = "iPhone Developer";
				COPY_PHASE_STRIP = NO;
				DEBUG_INFORMATION_FORMAT = dwarf;
				ENABLE_STRICT_OBJC_MSGSEND = YES;
				ENABLE_TESTABILITY = YES;
				GCC_C_LANGUAGE_STANDARD = gnu11;
				GCC_DYNAMIC_NO_PIC = NO;
				GCC_NO_COMMON_BLOCKS = YES;
				GCC_OPTIMIZATION_LEVEL = 0;
				GCC_PREPROCESSOR_DEFINITIONS = (
					"DEBUG=1",
					"$(inherited)",
				);
				GCC_WARN_64_TO_32_BIT_CONVERSION = YES;
				GCC_WARN_ABOUT_RETURN_TYPE = YES_ERROR;
				GCC_WARN_UNDECLARED_SELECTOR = YES;
				GCC_WARN_UNINITIALIZED_AUTOS = YES_AGGRESSIVE;
				GCC_WARN_UNUSED_FUNCTION = YES;
				GCC_WARN_UNUSED_VARIABLE = YES;
				IPHONEOS_DEPLOYMENT_TARGET = 11.0;
				MTL_ENABLE_DEBUG_INFO = YES;
				ONLY_ACTIVE_ARCH = YES;
				SDKROOT = iphoneos;
				SWIFT_ACTIVE_COMPILATION_CONDITIONS = DEBUG;
				SWIFT_OPTIMIZATION_LEVEL = "-Onone";
			};
			name = Debug;
		};
		A010BCCB1FBD126700C87E88 /* Release */ = {
			isa = XCBuildConfiguration;
			buildSettings = {
				ALWAYS_SEARCH_USER_PATHS = NO;
				CLANG_ANALYZER_NONNULL = YES;
				CLANG_ANALYZER_NUMBER_OBJECT_CONVERSION = YES_AGGRESSIVE;
				CLANG_CXX_LANGUAGE_STANDARD = "gnu++14";
				CLANG_CXX_LIBRARY = "libc++";
				CLANG_ENABLE_MODULES = YES;
				CLANG_ENABLE_OBJC_ARC = YES;
				CLANG_WARN_BLOCK_CAPTURE_AUTORELEASING = YES;
				CLANG_WARN_BOOL_CONVERSION = YES;
				CLANG_WARN_COMMA = YES;
				CLANG_WARN_CONSTANT_CONVERSION = YES;
				CLANG_WARN_DIRECT_OBJC_ISA_USAGE = YES_ERROR;
				CLANG_WARN_DOCUMENTATION_COMMENTS = YES;
				CLANG_WARN_EMPTY_BODY = YES;
				CLANG_WARN_ENUM_CONVERSION = YES;
				CLANG_WARN_INFINITE_RECURSION = YES;
				CLANG_WARN_INT_CONVERSION = YES;
				CLANG_WARN_NON_LITERAL_NULL_CONVERSION = YES;
				CLANG_WARN_OBJC_LITERAL_CONVERSION = YES;
				CLANG_WARN_OBJC_ROOT_CLASS = YES_ERROR;
				CLANG_WARN_RANGE_LOOP_ANALYSIS = YES;
				CLANG_WARN_STRICT_PROTOTYPES = YES;
				CLANG_WARN_SUSPICIOUS_MOVE = YES;
				CLANG_WARN_UNGUARDED_AVAILABILITY = YES_AGGRESSIVE;
				CLANG_WARN_UNREACHABLE_CODE = YES;
				CLANG_WARN__DUPLICATE_METHOD_MATCH = YES;
				CODE_SIGN_IDENTITY = "iPhone Developer";
				COPY_PHASE_STRIP = NO;
				DEBUG_INFORMATION_FORMAT = "dwarf-with-dsym";
				ENABLE_NS_ASSERTIONS = NO;
				ENABLE_STRICT_OBJC_MSGSEND = YES;
				GCC_C_LANGUAGE_STANDARD = gnu11;
				GCC_NO_COMMON_BLOCKS = YES;
				GCC_WARN_64_TO_32_BIT_CONVERSION = YES;
				GCC_WARN_ABOUT_RETURN_TYPE = YES_ERROR;
				GCC_WARN_UNDECLARED_SELECTOR = YES;
				GCC_WARN_UNINITIALIZED_AUTOS = YES_AGGRESSIVE;
				GCC_WARN_UNUSED_FUNCTION = YES;
				GCC_WARN_UNUSED_VARIABLE = YES;
				IPHONEOS_DEPLOYMENT_TARGET = 11.0;
				MTL_ENABLE_DEBUG_INFO = NO;
				SDKROOT = iphoneos;
				SWIFT_OPTIMIZATION_LEVEL = "-Owholemodule";
				VALIDATE_PRODUCT = YES;
			};
			name = Release;
		};
		A010BCCD1FBD126700C87E88 /* Debug */ = {
			isa = XCBuildConfiguration;
			buildSettings = {
				ASSETCATALOG_COMPILER_APPICON_NAME = AppIcon;
				CODE_SIGN_STYLE = Automatic;
				DEVELOPMENT_TEAM = K2ZP75G5U4;
				INFOPLIST_FILE = Mindfulness/Info.plist;
				LD_RUNPATH_SEARCH_PATHS = "$(inherited) @executable_path/Frameworks";
				PRODUCT_BUNDLE_IDENTIFIER = ChloeHoulihan.Mindfulness;
				PRODUCT_NAME = "$(TARGET_NAME)";
				SWIFT_VERSION = 4.0;
				TARGETED_DEVICE_FAMILY = "1,2";
			};
			name = Debug;
		};
		A010BCCE1FBD126700C87E88 /* Release */ = {
			isa = XCBuildConfiguration;
			buildSettings = {
				ASSETCATALOG_COMPILER_APPICON_NAME = AppIcon;
				CODE_SIGN_STYLE = Automatic;
				DEVELOPMENT_TEAM = K2ZP75G5U4;
				INFOPLIST_FILE = Mindfulness/Info.plist;
				LD_RUNPATH_SEARCH_PATHS = "$(inherited) @executable_path/Frameworks";
				PRODUCT_BUNDLE_IDENTIFIER = ChloeHoulihan.Mindfulness;
				PRODUCT_NAME = "$(TARGET_NAME)";
				SWIFT_VERSION = 4.0;
				TARGETED_DEVICE_FAMILY = "1,2";
			};
			name = Release;
		};
/* End XCBuildConfiguration section */

/* Begin XCConfigurationList section */
		A010BCB51FBD126700C87E88 /* Build configuration list for PBXProject "Mindfulness" */ = {
			isa = XCConfigurationList;
			buildConfigurations = (
				A010BCCA1FBD126700C87E88 /* Debug */,
				A010BCCB1FBD126700C87E88 /* Release */,
			);
			defaultConfigurationIsVisible = 0;
			defaultConfigurationName = Release;
		};
		A010BCCC1FBD126700C87E88 /* Build configuration list for PBXNativeTarget "Mindfulness" */ = {
			isa = XCConfigurationList;
			buildConfigurations = (
				A010BCCD1FBD126700C87E88 /* Debug */,
				A010BCCE1FBD126700C87E88 /* Release */,
			);
			defaultConfigurationIsVisible = 0;
			defaultConfigurationName = Release;
		};
/* End XCConfigurationList section */

/* Begin XCVersionGroup section */
		A7574F5B1FC35919009A0AF8 /* Mindfulness.xcdatamodeld */ = {
			isa = XCVersionGroup;
			children = (
				A7574F5C1FC35919009A0AF8 /* Mindfulness.xcdatamodel */,
			);
			currentVersion = A7574F5C1FC35919009A0AF8 /* Mindfulness.xcdatamodel */;
			path = Mindfulness.xcdatamodeld;
			sourceTree = "<group>";
			versionGroupType = wrapper.xcdatamodel;
		};
/* End XCVersionGroup section */
	};
	rootObject = A010BCB21FBD126700C87E88 /* Project object */;
}
